
Microsoft Visual Studio Solution File, Format Version 12.00
# Visual Studio Version 17
VisualStudioVersion = 17.0.31903.59
MinimumVisualStudioVersion = 10.0.40219.1
Project("{2150E333-8FDC-42A3-9474-1A3956D46DE8}") = "src", "src", "{827E0CD3-B72D-47B6-A68D-7590B98EB39B}"
EndProject
Project("{FAE04EC0-301F-11D3-BF4B-00C04F79EFBC}") = "Orbit.App", "src\Orbit.App\Orbit.App.csproj", "{446F60DC-63D5-4DAB-9922-AAED5B4B533D}"
EndProject
Project("{FAE04EC0-301F-11D3-BF4B-00C04F79EFBC}") = "Orbit.Core", "src\Orbit.Core\Orbit.Core.csproj", "{0404BE7E-7D8E-46E4-982D-18048A29A484}"
EndProject
Project("{FAE04EC0-301F-11D3-BF4B-00C04F79EFBC}") = "Orbit.Core.Host", "src\Orbit.Core.Host\Orbit.Core.Host.csproj", "{C0AFC565-4BAA-41AC-B2F8-F1908186BF90}"
EndProject
Project("{FAE04EC0-301F-11D3-BF4B-00C04F79EFBC}") = "Orbit.Infrastructure", "src\Orbit.Infrastructure\Orbit.Infrastructure.csproj", "{EAB8B574-4E29-43BF-817D-22B4632FE14C}"
EndProject
Project("{FAE04EC0-301F-11D3-BF4B-00C04F79EFBC}") = "Orbit.Agent.Contracts", "src\Orbit.Agent.Contracts\Orbit.Agent.Contracts.csproj", "{C086AA25-5060-41EA-A041-63D5949B802C}"
EndProject
Project("{FAE04EC0-301F-11D3-BF4B-00C04F79EFBC}") = "Orbit.Tests", "tests\Orbit.Tests\Orbit.Tests.csproj", "{72DBDE9B-CFD6-446C-A69F-85A10D6B55EA}"
EndProject
Project("{FAE04EC0-301F-11D3-BF4B-00C04F79EFBC}") = "Orbit.IntegrationTests", "tests\Orbit.IntegrationTests\Orbit.IntegrationTests.csproj", "{46E30ED1-5627-4E21-9F48-5054989CB183}"
EndProject
Project("{FAE04EC0-301F-11D3-BF4B-00C04F79EFBC}") = "Orbit.Mcp", "src\Orbit.Mcp\Orbit.Mcp.csproj", "{0D7C407B-B105-4C6F-A4EB-507DD98FFF58}"
EndProject
Project("{FAE04EC0-301F-11D3-BF4B-00C04F79EFBC}") = "Orbit.OutlookAddIn", "src\Orbit.OutlookAddIn\Orbit.OutlookAddIn.csproj", "{CB2D6A75-286E-4984-A6FB-455406567489}"
EndProject
Global
	GlobalSection(SolutionConfigurationPlatforms) = preSolution
		Debug|Any CPU = Debug|Any CPU
		Debug|x64 = Debug|x64
		Debug|x86 = Debug|x86
		Release|Any CPU = Release|Any CPU
		Release|x64 = Release|x64
		Release|x86 = Release|x86
	EndGlobalSection
	GlobalSection(ProjectConfigurationPlatforms) = postSolution
		{446F60DC-63D5-4DAB-9922-AAED5B4B533D}.Debug|Any CPU.ActiveCfg = Debug|x86
		{446F60DC-63D5-4DAB-9922-AAED5B4B533D}.Debug|Any CPU.Build.0 = Debug|x86
		{446F60DC-63D5-4DAB-9922-AAED5B4B533D}.Debug|x64.ActiveCfg = Debug|x64
		{446F60DC-63D5-4DAB-9922-AAED5B4B533D}.Debug|x64.Build.0 = Debug|x64
		{446F60DC-63D5-4DAB-9922-AAED5B4B533D}.Debug|x86.ActiveCfg = Debug|x86
		{446F60DC-63D5-4DAB-9922-AAED5B4B533D}.Debug|x86.Build.0 = Debug|x86
		{446F60DC-63D5-4DAB-9922-AAED5B4B533D}.Release|Any CPU.ActiveCfg = Release|x86
		{446F60DC-63D5-4DAB-9922-AAED5B4B533D}.Release|Any CPU.Build.0 = Release|x86
		{446F60DC-63D5-4DAB-9922-AAED5B4B533D}.Release|x64.ActiveCfg = Release|x64
		{446F60DC-63D5-4DAB-9922-AAED5B4B533D}.Release|x64.Build.0 = Release|x64
		{446F60DC-63D5-4DAB-9922-AAED5B4B533D}.Release|x86.ActiveCfg = Release|x86
		{446F60DC-63D5-4DAB-9922-AAED5B4B533D}.Release|x86.Build.0 = Release|x86
		{0404BE7E-7D8E-46E4-982D-18048A29A484}.Debug|Any CPU.ActiveCfg = Debug|Any CPU
		{0404BE7E-7D8E-46E4-982D-18048A29A484}.Debug|Any CPU.Build.0 = Debug|Any CPU
		{0404BE7E-7D8E-46E4-982D-18048A29A484}.Debug|x64.ActiveCfg = Debug|Any CPU
		{0404BE7E-7D8E-46E4-982D-18048A29A484}.Debug|x64.Build.0 = Debug|Any CPU
		{0404BE7E-7D8E-46E4-982D-18048A29A484}.Debug|x86.ActiveCfg = Debug|Any CPU
		{0404BE7E-7D8E-46E4-982D-18048A29A484}.Debug|x86.Build.0 = Debug|Any CPU
		{0404BE7E-7D8E-46E4-982D-18048A29A484}.Release|Any CPU.ActiveCfg = Release|Any CPU
		{0404BE7E-7D8E-46E4-982D-18048A29A484}.Release|Any CPU.Build.0 = Release|Any CPU
		{0404BE7E-7D8E-46E4-982D-18048A29A484}.Release|x64.ActiveCfg = Release|Any CPU
		{0404BE7E-7D8E-46E4-982D-18048A29A484}.Release|x64.Build.0 = Release|Any CPU
		{0404BE7E-7D8E-46E4-982D-18048A29A484}.Release|x86.ActiveCfg = Release|Any CPU
		{0404BE7E-7D8E-46E4-982D-18048A29A484}.Release|x86.Build.0 = Release|Any CPU
		{C0AFC565-4BAA-41AC-B2F8-F1908186BF90}.Debug|Any CPU.ActiveCfg = Debug|Any CPU
		{C0AFC565-4BAA-41AC-B2F8-F1908186BF90}.Debug|Any CPU.Build.0 = Debug|Any CPU
		{C0AFC565-4BAA-41AC-B2F8-F1908186BF90}.Debug|x64.ActiveCfg = Debug|Any CPU
		{C0AFC565-4BAA-41AC-B2F8-F1908186BF90}.Debug|x64.Build.0 = Debug|Any CPU
		{C0AFC565-4BAA-41AC-B2F8-F1908186BF90}.Debug|x86.ActiveCfg = Debug|Any CPU
		{C0AFC565-4BAA-41AC-B2F8-F1908186BF90}.Debug|x86.Build.0 = Debug|Any CPU
		{C0AFC565-4BAA-41AC-B2F8-F1908186BF90}.Release|Any CPU.ActiveCfg = Release|Any CPU
		{C0AFC565-4BAA-41AC-B2F8-F1908186BF90}.Release|Any CPU.Build.0 = Release|Any CPU
		{C0AFC565-4BAA-41AC-B2F8-F1908186BF90}.Release|x64.ActiveCfg = Release|Any CPU
		{C0AFC565-4BAA-41AC-B2F8-F1908186BF90}.Release|x64.Build.0 = Release|Any CPU
		{C0AFC565-4BAA-41AC-B2F8-F1908186BF90}.Release|x86.ActiveCfg = Release|Any CPU
		{C0AFC565-4BAA-41AC-B2F8-F1908186BF90}.Release|x86.Build.0 = Release|Any CPU
		{EAB8B574-4E29-43BF-817D-22B4632FE14C}.Debug|Any CPU.ActiveCfg = Debug|Any CPU
		{EAB8B574-4E29-43BF-817D-22B4632FE14C}.Debug|Any CPU.Build.0 = Debug|Any CPU
		{EAB8B574-4E29-43BF-817D-22B4632FE14C}.Debug|x64.ActiveCfg = Debug|Any CPU
		{EAB8B574-4E29-43BF-817D-22B4632FE14C}.Debug|x64.Build.0 = Debug|Any CPU
		{EAB8B574-4E29-43BF-817D-22B4632FE14C}.Debug|x86.ActiveCfg = Debug|Any CPU
		{EAB8B574-4E29-43BF-817D-22B4632FE14C}.Debug|x86.Build.0 = Debug|Any CPU
		{EAB8B574-4E29-43BF-817D-22B4632FE14C}.Release|Any CPU.ActiveCfg = Release|Any CPU
		{EAB8B574-4E29-43BF-817D-22B4632FE14C}.Release|Any CPU.Build.0 = Release|Any CPU
		{EAB8B574-4E29-43BF-817D-22B4632FE14C}.Release|x64.ActiveCfg = Release|Any CPU
		{EAB8B574-4E29-43BF-817D-22B4632FE14C}.Release|x64.Build.0 = Release|Any CPU
		{EAB8B574-4E29-43BF-817D-22B4632FE14C}.Release|x86.ActiveCfg = Release|Any CPU
		{EAB8B574-4E29-43BF-817D-22B4632FE14C}.Release|x86.Build.0 = Release|Any CPU
		{C086AA25-5060-41EA-A041-63D5949B802C}.Debug|Any CPU.ActiveCfg = Debug|Any CPU
		{C086AA25-5060-41EA-A041-63D5949B802C}.Debug|Any CPU.Build.0 = Debug|Any CPU
		{C086AA25-5060-41EA-A041-63D5949B802C}.Debug|x64.ActiveCfg = Debug|Any CPU
		{C086AA25-5060-41EA-A041-63D5949B802C}.Debug|x64.Build.0 = Debug|Any CPU
		{C086AA25-5060-41EA-A041-63D5949B802C}.Debug|x86.ActiveCfg = Debug|Any CPU
		{C086AA25-5060-41EA-A041-63D5949B802C}.Debug|x86.Build.0 = Debug|Any CPU
		{C086AA25-5060-41EA-A041-63D5949B802C}.Release|Any CPU.ActiveCfg = Release|Any CPU
		{C086AA25-5060-41EA-A041-63D5949B802C}.Release|Any CPU.Build.0 = Release|Any CPU
		{C086AA25-5060-41EA-A041-63D5949B802C}.Release|x64.ActiveCfg = Release|Any CPU
		{C086AA25-5060-41EA-A041-63D5949B802C}.Release|x64.Build.0 = Release|Any CPU
		{C086AA25-5060-41EA-A041-63D5949B802C}.Release|x86.ActiveCfg = Release|Any CPU
		{C086AA25-5060-41EA-A041-63D5949B802C}.Release|x86.Build.0 = Release|Any CPU
		{72DBDE9B-CFD6-446C-A69F-85A10D6B55EA}.Debug|Any CPU.ActiveCfg = Debug|Any CPU
		{72DBDE9B-CFD6-446C-A69F-85A10D6B55EA}.Debug|Any CPU.Build.0 = Debug|Any CPU
		{72DBDE9B-CFD6-446C-A69F-85A10D6B55EA}.Debug|x64.ActiveCfg = Debug|Any CPU
		{72DBDE9B-CFD6-446C-A69F-85A10D6B55EA}.Debug|x64.Build.0 = Debug|Any CPU
		{72DBDE9B-CFD6-446C-A69F-85A10D6B55EA}.Debug|x86.ActiveCfg = Debug|Any CPU
		{72DBDE9B-CFD6-446C-A69F-85A10D6B55EA}.Debug|x86.Build.0 = Debug|Any CPU
		{72DBDE9B-CFD6-446C-A69F-85A10D6B55EA}.Release|Any CPU.ActiveCfg = Release|Any CPU
		{72DBDE9B-CFD6-446C-A69F-85A10D6B55EA}.Release|Any CPU.Build.0 = Release|Any CPU
		{72DBDE9B-CFD6-446C-A69F-85A10D6B55EA}.Release|x64.ActiveCfg = Release|Any CPU
		{72DBDE9B-CFD6-446C-A69F-85A10D6B55EA}.Release|x64.Build.0 = Release|Any CPU
		{72DBDE9B-CFD6-446C-A69F-85A10D6B55EA}.Release|x86.ActiveCfg = Release|Any CPU
		{72DBDE9B-CFD6-446C-A69F-85A10D6B55EA}.Release|x86.Build.0 = Release|Any CPU
		{46E30ED1-5627-4E21-9F48-5054989CB183}.Debug|Any CPU.ActiveCfg = Debug|Any CPU
		{46E30ED1-5627-4E21-9F48-5054989CB183}.Debug|Any CPU.Build.0 = Debug|Any CPU
		{46E30ED1-5627-4E21-9F48-5054989CB183}.Debug|x64.ActiveCfg = Debug|Any CPU
		{46E30ED1-5627-4E21-9F48-5054989CB183}.Debug|x64.Build.0 = Debug|Any CPU
		{46E30ED1-5627-4E21-9F48-5054989CB183}.Debug|x86.ActiveCfg = Debug|Any CPU
		{46E30ED1-5627-4E21-9F48-5054989CB183}.Debug|x86.Build.0 = Debug|Any CPU
		{46E30ED1-5627-4E21-9F48-5054989CB183}.Release|Any CPU.ActiveCfg = Release|Any CPU
		{46E30ED1-5627-4E21-9F48-5054989CB183}.Release|Any CPU.Build.0 = Release|Any CPU
		{46E30ED1-5627-4E21-9F48-5054989CB183}.Release|x64.ActiveCfg = Release|Any CPU
		{46E30ED1-5627-4E21-9F48-5054989CB183}.Release|x64.Build.0 = Release|Any CPU
		{46E30ED1-5627-4E21-9F48-5054989CB183}.Release|x86.ActiveCfg = Release|Any CPU
		{46E30ED1-5627-4E21-9F48-5054989CB183}.Release|x86.Build.0 = Release|Any CPU
		{0D7C407B-B105-4C6F-A4EB-507DD98FFF58}.Debug|Any CPU.ActiveCfg = Debug|Any CPU
		{0D7C407B-B105-4C6F-A4EB-507DD98FFF58}.Debug|Any CPU.Build.0 = Debug|Any CPU
		{0D7C407B-B105-4C6F-A4EB-507DD98FFF58}.Debug|x64.ActiveCfg = Debug|Any CPU
		{0D7C407B-B105-4C6F-A4EB-507DD98FFF58}.Debug|x64.Build.0 = Debug|Any CPU
		{0D7C407B-B105-4C6F-A4EB-507DD98FFF58}.Debug|x86.ActiveCfg = Debug|Any CPU
		{0D7C407B-B105-4C6F-A4EB-507DD98FFF58}.Debug|x86.Build.0 = Debug|Any CPU
		{0D7C407B-B105-4C6F-A4EB-507DD98FFF58}.Release|Any CPU.ActiveCfg = Release|Any CPU
		{0D7C407B-B105-4C6F-A4EB-507DD98FFF58}.Release|Any CPU.Build.0 = Release|Any CPU
		{0D7C407B-B105-4C6F-A4EB-507DD98FFF58}.Release|x64.ActiveCfg = Release|Any CPU
		{0D7C407B-B105-4C6F-A4EB-507DD98FFF58}.Release|x64.Build.0 = Release|Any CPU
		{0D7C407B-B105-4C6F-A4EB-507DD98FFF58}.Release|x86.ActiveCfg = Release|Any CPU
		{0D7C407B-B105-4C6F-A4EB-507DD98FFF58}.Release|x86.Build.0 = Release|Any CPU
		{CB2D6A75-286E-4984-A6FB-455406567489}.Debug|Any CPU.ActiveCfg = Debug|Any CPU
		{CB2D6A75-286E-4984-A6FB-455406567489}.Debug|Any CPU.Build.0 = Debug|Any CPU
		{CB2D6A75-286E-4984-A6FB-455406567489}.Debug|x64.ActiveCfg = Debug|Any CPU
		{CB2D6A75-286E-4984-A6FB-455406567489}.Debug|x64.Build.0 = Debug|Any CPU
		{CB2D6A75-286E-4984-A6FB-455406567489}.Debug|x86.ActiveCfg = Debug|Any CPU
		{CB2D6A75-286E-4984-A6FB-455406567489}.Debug|x86.Build.0 = Debug|Any CPU
		{CB2D6A75-286E-4984-A6FB-455406567489}.Release|Any CPU.ActiveCfg = Release|Any CPU
		{CB2D6A75-286E-4984-A6FB-455406567489}.Release|Any CPU.Build.0 = Release|Any CPU
		{CB2D6A75-286E-4984-A6FB-455406567489}.Release|x64.ActiveCfg = Release|Any CPU
		{CB2D6A75-286E-4984-A6FB-455406567489}.Release|x64.Build.0 = Release|Any CPU
		{CB2D6A75-286E-4984-A6FB-455406567489}.Release|x86.ActiveCfg = Release|Any CPU
		{CB2D6A75-286E-4984-A6FB-455406567489}.Release|x86.Build.0 = Release|Any CPU
	EndGlobalSection
	GlobalSection(SolutionProperties) = preSolution
		HideSolutionNode = FALSE
	EndGlobalSection
	GlobalSection(NestedProjects) = preSolution
		{446F60DC-63D5-4DAB-9922-AAED5B4B533D} = {827E0CD3-B72D-47B6-A68D-7590B98EB39B}
		{0404BE7E-7D8E-46E4-982D-18048A29A484} = {827E0CD3-B72D-47B6-A68D-7590B98EB39B}
		{C0AFC565-4BAA-41AC-B2F8-F1908186BF90} = {827E0CD3-B72D-47B6-A68D-7590B98EB39B}
		{EAB8B574-4E29-43BF-817D-22B4632FE14C} = {827E0CD3-B72D-47B6-A68D-7590B98EB39B}
		{C086AA25-5060-41EA-A041-63D5949B802C} = {827E0CD3-B72D-47B6-A68D-7590B98EB39B}
		{72DBDE9B-CFD6-446C-A69F-85A10D6B55EA} = {827E0CD3-B72D-47B6-A68D-7590B98EB39B}
		{46E30ED1-5627-4E21-9F48-5054989CB183} = {827E0CD3-B72D-47B6-A68D-7590B98EB39B}
		{0D7C407B-B105-4C6F-A4EB-507DD98FFF58} = {827E0CD3-B72D-47B6-A68D-7590B98EB39B}
		{CB2D6A75-286E-4984-A6FB-455406567489} = {827E0CD3-B72D-47B6-A68D-7590B98EB39B}
	EndGlobalSection
EndGlobal
